
Microsoft Visual Studio Solution File, Format Version 12.00
# Visual Studio Version 17
VisualStudioVersion = 17.12.35527.113 d17.12
MinimumVisualStudioVersion = 10.0.40219.1
Project("{FAE04EC0-301F-11D3-BF4B-00C04F79EFBC}") = "CsharpAcademy_MathGame", "CsharpAcademy_MathGame\CsharpAcademy_MathGame.csproj", "{83645A2D-A49F-420E-BABD-6491879A687B}"
EndProject
Global
	GlobalSection(SolutionConfigurationPlatforms) = preSolution
		Debug|Any CPU = Debug|Any CPU
		Release|Any CPU = Release|Any CPU
	EndGlobalSection
	GlobalSection(ProjectConfigurationPlatforms) = postSolution
		{83645A2D-A49F-420E-BABD-6491879A687B}.Debug|Any CPU.ActiveCfg = Debug|Any CPU
		{83645A2D-A49F-420E-BABD-6491879A687B}.Debug|Any CPU.Build.0 = Debug|Any CPU
		{83645A2D-A49F-420E-BABD-6491879A687B}.Release|Any CPU.ActiveCfg = Release|Any CPU
		{83645A2D-A49F-420E-BABD-6491879A687B}.Release|Any CPU.Build.0 = Release|Any CPU
	EndGlobalSection
	GlobalSection(SolutionProperties) = preSolution
		HideSolutionNode = FALSE
	EndGlobalSection
EndGlobal
